
Microsoft Visual Studio Solution File, Format Version 12.00
# Visual Studio Version 17
VisualStudioVersion = 17.10.34928.147
MinimumVisualStudioVersion = 10.0.40219.1
Project("{FAE04EC0-301F-11D3-BF4B-00C04F79EFBC}") = "biblioteka", "biblioteka\biblioteka.csproj", "{3DBFE88C-1197-4FFD-828A-16A6F2C5CF09}"
EndProject
Global
	GlobalSection(SolutionConfigurationPlatforms) = preSolution
		Debug|Any CPU = Debug|Any CPU
		Release|Any CPU = Release|Any CPU
	EndGlobalSection
	GlobalSection(ProjectConfigurationPlatforms) = postSolution
		{3DBFE88C-1197-4FFD-828A-16A6F2C5CF09}.Debug|Any CPU.ActiveCfg = Debug|Any CPU
		{3DBFE88C-1197-4FFD-828A-16A6F2C5CF09}.Debug|Any CPU.Build.0 = Debug|Any CPU
		{3DBFE88C-1197-4FFD-828A-16A6F2C5CF09}.Release|Any CPU.ActiveCfg = Release|Any CPU
		{3DBFE88C-1197-4FFD-828A-16A6F2C5CF09}.Release|Any CPU.Build.0 = Release|Any CPU
	EndGlobalSection
	GlobalSection(SolutionProperties) = preSolution
		HideSolutionNode = FALSE
	EndGlobalSection
	GlobalSection(ExtensibilityGlobals) = postSolution
		SolutionGuid = {0EEF00AE-6F89-4794-890A-B1512876717B}
	EndGlobalSection
EndGlobal
